PODS:
  - Masonry (1.1.0)
  - MJExtension (3.0.16)

DEPENDENCIES:
  - Masonry
  - MJExtension

SPEC REPOS:
  https://github.com/cocoapods/specs.git:
    - Masonry
    - MJExtension

SPEC CHECKSUMS:
  Masonry: 678fab65091a9290e40e2832a55e7ab731aad201
  MJExtension: 54dbbf6ee728f1a88e9aad904353d007831c7847

PODFILE CHECKSUM: 949afea14d7312fbb47cab80bf596d4a0deb4f30

COCOAPODS: 1.6.1
